// !$*UTF8*$!
{
	archiveVersion = 1;
	classes = {
	};
	objectVersion = 46;
	objects = {

/* Begin PBXBuildFile section */
		FC1417661F18290500547C19 /* AppDelegate.swift in Sources */ = {isa = PBXBuildFile; fileRef = FC1417651F18290500547C19 /* AppDelegate.swift */; };
		FC1417681F18290500547C19 /* ViewController.swift in Sources */ = {isa = PBXBuildFile; fileRef = FC1417671F18290500547C19 /* ViewController.swift */; };
		FC14176B1F18290500547C19 /* Main.storyboard in Resources */ = {isa = PBXBuildFile; fileRef = FC1417691F18290500547C19 /* Main.storyboard */; };
		FC14176D1F18290500547C19 /* Assets.xcassets in Resources */ = {isa = PBXBuildFile; fileRef = FC14176C1F18290500547C19 /* Assets.xcassets */; };
		FC1417701F18290500547C19 /* LaunchScreen.storyboard in Resources */ = {isa = PBXBuildFile; fileRef = FC14176E1F18290500547C19 /* LaunchScreen.storyboard */; };
/* End PBXBuildFile section */

/* Begin PBXFileReference section */
		FC1417621F18290500547C19 /* geojsonTest1.app */ = {isa = PBXFileReference; explicitFileType = wrapper.application; includeInIndex = 0; path = geojsonTest1.app; sourceTree = BUILT_PRODUCTS_DIR; };
		FC1417651F18290500547C19 /* AppDelegate.swift */ = {isa = PBXFileReference; lastKnownFileType = sourcecode.swift; path = AppDelegate.swift; sourceTree = "<group>"; };
		FC1417671F18290500547C19 /* ViewController.swift */ = {isa = PBXFileReference; lastKnownFileType = sourcecode.swift; path = ViewController.swift; sourceTree = "<group>"; };
		FC14176A1F18290500547C19 /* Base */ = {isa = PBXFileReference; lastKnownFileType = file.storyboard; name = Base; path = Base.lproj/Main.storyboard; sourceTree = "<group>"; };
		FC14176C1F18290500547C19 /* Assets.xcassets */ = {isa = PBXFileReference; lastKnownFileType = folder.assetcatalog; path = Assets.xcassets; sourceTree = "<group>"; };
		FC14176F1F18290500547C19 /* Base */ = {isa = PBXFileReference; lastKnownFileType = file.storyboard; name = Base; path = Base.lproj/LaunchScreen.storyboard; sourceTree = "<group>"; };
		FC1417711F18290500547C19 /* Info.plist */ = {isa = PBXFileReference; lastKnownFileType = text.plist.xml; path = Info.plist; sourceTree = "<group>"; };
/* End PBXFileReference section */

/* Begin PBXFrameworksBuildPhase section */
		FC14175F1F18290500547C19 /* Frameworks */ = {
			isa = PBXFrameworksBuildPhase;
			buildActionMask = 2147483647;
			files = (
			);
			runOnlyForDeploymentPostprocessing = 0;
		};
/* End PBXFrameworksBuildPhase section */

/* Begin PBXGroup section */
		FC1417591F18290500547C19 = {
			isa = PBXGroup;
			children = (
				FC1417641F18290500547C19 /* geojsonTest1 */,
				FC1417631F18290500547C19 /* Products */,
			);
			sourceTree = "<group>";
		};
		FC1417631F18290500547C19 /* Products */ = {
			isa = PBXGroup;
			children = (
				FC1417621F18290500547C19 /* geojsonTest1.app */,
			);
			name = Products;
			sourceTree = "<group>";
		};
		FC1417641F18290500547C19 /* geojsonTest1 */ = {
			isa = PBXGroup;
			children = (
				FC1417651F18290500547C19 /* AppDelegate.swift */,
				FC1417671F18290500547C19 /* ViewController.swift */,
				FC1417691F18290500547C19 /* Main.storyboard */,
				FC14176C1F18290500547C19 /* Assets.xcassets */,
				FC14176E1F18290500547C19 /* LaunchScreen.storyboard */,
				FC1417711F18290500547C19 /* Info.plist */,
			);
			path = geojsonTest1;
			sourceTree = "<group>";
		};
/* End PBXGroup section */

/* Begin PBXNativeTarget section */
		FC1417611F18290500547C19 /* geojsonTest1 */ = {
			isa = PBXNativeTarget;
			buildConfigurationList = FC1417741F18290500547C19 /* Build configuration list for PBXNativeTarget "geojsonTest1" */;
			buildPhases = (
				FC14175E1F18290500547C19 /* Sources */,
				FC14175F1F18290500547C19 /* Frameworks */,
				FC1417601F18290500547C19 /* Resources */,
			);
			buildRules = (
			);
			dependencies = (
			);
			name = geojsonTest1;
			productName = geojsonTest1;
			productReference = FC1417621F18290500547C19 /* geojsonTest1.app */;
			productType = "com.apple.product-type.application";
		};
/* End PBXNativeTarget section */

/* Begin PBXProject section */
		FC14175A1F18290500547C19 /* Project object */ = {
			isa = PBXProject;
			attributes = {
				LastSwiftUpdateCheck = 0830;
				LastUpgradeCheck = 0830;
				ORGANIZATIONNAME = Stonetip;
				TargetAttributes = {
					FC1417611F18290500547C19 = {
						CreatedOnToolsVersion = 8.3.3;
						DevelopmentTeam = T6X32UM5U3;
						ProvisioningStyle = Automatic;
					};
				};
			};
			buildConfigurationList = FC14175D1F18290500547C19 /* Build configuration list for PBXProject "geojsonTest1" */;
			compatibilityVersion = "Xcode 3.2";
			developmentRegion = English;
			hasScannedForEncodings = 0;
			knownRegions = (
				en,
				Base,
			);
			mainGroup = FC1417591F18290500547C19;
			productRefGroup = FC1417631F18290500547C19 /* Products */;
			projectDirPath = "";
			projectRoot = "";
			targets = (
				FC1417611F18290500547C19 /* geojsonTest1 */,
			);
		};
/* End PBXProject section */

/* Begin PBXResourcesBuildPhase section */
		FC1417601F18290500547C19 /* Resources */ = {
			isa = PBXResourcesBuildPhase;
			buildActionMask = 2147483647;
			files = (
				FC1417701F18290500547C19 /* LaunchScreen.storyboard in Resources */,
				FC14176D1F18290500547C19 /* Assets.xcassets in Resources */,
				FC14176B1F18290500547C19 /* Main.storyboard in Resources */,
			);
			runOnlyForDeploymentPostprocessing = 0;
		};
/* End PBXResourcesBuildPhase section */

/* Begin PBXSourcesBuildPhase section */
		FC14175E1F18290500547C19 /* Sources */ = {
			isa = PBXSourcesBuildPhase;
			buildActionMask = 2147483647;
			files = (
				FC1417681F18290500547C19 /* ViewController.swift in Sources */,
				FC1417661F18290500547C19 /* AppDelegate.swift in Sources */,
			);
			runOnlyForDeploymentPostprocessing = 0;
		};
/* End PBXSourcesBuildPhase section */

/* Begin PBXVariantGroup section */
		FC1417691F18290500547C19 /* Main.storyboard */ = {
			isa = PBXVariantGroup;
			children = (
				FC14176A1F18290500547C19 /* Base */,
			);
			name = Main.storyboard;
			sourceTree = "<group>";
		};
		FC14176E1F18290500547C19 /* LaunchScreen.storyboard */ = {
			isa = PBXVariantGroup;
			children = (
				FC14176F1F18290500547C19 /* Base */,
			);
			name = LaunchScreen.storyboard;
			sourceTree = "<group>";
		};
/* End PBXVariantGroup section */

/* Begin XCBuildConfiguration section */
		FC1417721F18290500547C19 /* Debug */ = {
			isa = XCBuildConfiguration;
			buildSettings = {
				ALWAYS_SEARCH_USER_PATHS = NO;
				CLANG_ANALYZER_NONNULL = YES;
				CLANG_ANALYZER_NUMBER_OBJECT_CONVERSION = YES_AGGRESSIVE;
				CLANG_CXX_LANGUAGE_STANDARD = "gnu++0x";
				CLANG_CXX_LIBRARY = "libc++";
				CLANG_ENABLE_MODULES = YES;
				CLANG_ENABLE_OBJC_ARC = YES;
				CLANG_WARN_BOOL_CONVERSION = YES;
				CLANG_WARN_CONSTANT_CONVERSION = YES;
				CLANG_WARN_DIRECT_OBJC_ISA_USAGE = YES_ERROR;
				CLANG_WARN_DOCUMENTATION_COMMENTS = YES;
				CLANG_WARN_EMPTY_BODY = YES;
				CLANG_WARN_ENUM_CONVERSION = YES;
				CLANG_WARN_INFINITE_RECURSION = YES;
				CLANG_WARN_INT_CONVERSION = YES;
				CLANG_WARN_OBJC_ROOT_CLASS = YES_ERROR;
				CLANG_WARN_SUSPICIOUS_MOVE = YES;
				CLANG_WARN_UNREACHABLE_CODE = YES;
				CLANG_WARN__DUPLICATE_METHOD_MATCH = YES;
				"CODE_SIGN_IDENTITY[sdk=iphoneos*]" = "iPhone Developer";
				COPY_PHASE_STRIP = NO;
				DEBUG_INFORMATION_FORMAT = dwarf;
				ENABLE_STRICT_OBJC_MSGSEND = YES;
				ENABLE_TESTABILITY = YES;
				GCC_C_LANGUAGE_STANDARD = gnu99;
				GCC_DYNAMIC_NO_PIC = NO;
				GCC_NO_COMMON_BLOCKS = YES;
				GCC_OPTIMIZATION_LEVEL = 0;
				GCC_PREPROCESSOR_DEFINITIONS = (
					"DEBUG=1",
					"$(inherited)",
				);
				GCC_WARN_64_TO_32_BIT_CONVERSION = YES;
				GCC_WARN_ABOUT_RETURN_TYPE = YES_ERROR;
				GCC_WARN_UNDECLARED_SELECTOR = YES;
				GCC_WARN_UNINITIALIZED_AUTOS = YES_AGGRESSIVE;
				GCC_WARN_UNUSED_FUNCTION = YES;
				GCC_WARN_UNUSED_VARIABLE = YES;
				IPHONEOS_DEPLOYMENT_TARGET = 10.3;
				MTL_ENABLE_DEBUG_INFO = YES;
				ONLY_ACTIVE_ARCH = YES;
				SDKROOT = iphoneos;
				SWIFT_ACTIVE_COMPILATION_CONDITIONS = DEBUG;
				SWIFT_OPTIMIZATION_LEVEL = "-Onone";
				TARGETED_DEVICE_FAMILY = "1,2";
			};
			name = Debug;
		};
		FC1417731F18290500547C19 /* Release */ = {
			isa = XCBuildConfiguration;
			buildSettings = {
				ALWAYS_SEARCH_USER_PATHS = NO;
				CLANG_ANALYZER_NONNULL = YES;
				CLANG_ANALYZER_NUMBER_OBJECT_CONVERSION = YES_AGGRESSIVE;
				CLANG_CXX_LANGUAGE_STANDARD = "gnu++0x";
				CLANG_CXX_LIBRARY = "libc++";
				CLANG_ENABLE_MODULES = YES;
				CLANG_ENABLE_OBJC_ARC = YES;
				CLANG_WARN_BOOL_CONVERSION = YES;
				CLANG_WARN_CONSTANT_CONVERSION = YES;
				CLANG_WARN_DIRECT_OBJC_ISA_USAGE = YES_ERROR;
				CLANG_WARN_DOCUMENTATION_COMMENTS = YES;
				CLANG_WARN_EMPTY_BODY = YES;
				CLANG_WARN_ENUM_CONVERSION = YES;
				CLANG_WARN_INFINITE_RECURSION = YES;
				CLANG_WARN_INT_CONVERSION = YES;
				CLANG_WARN_OBJC_ROOT_CLASS = YES_ERROR;
				CLANG_WARN_SUSPICIOUS_MOVE = YES;
				CLANG_WARN_UNREACHABLE_CODE = YES;
				CLANG_WARN__DUPLICATE_METHOD_MATCH = YES;
				"CODE_SIGN_IDENTITY[sdk=iphoneos*]" = "iPhone Developer";
				COPY_PHASE_STRIP = NO;
				DEBUG_INFORMATION_FORMAT = "dwarf-with-dsym";
				ENABLE_NS_ASSERTIONS = NO;
				ENABLE_STRICT_OBJC_MSGSEND = YES;
				GCC_C_LANGUAGE_STANDARD = gnu99;
				GCC_NO_COMMON_BLOCKS = YES;
				GCC_WARN_64_TO_32_BIT_CONVERSION = YES;
				GCC_WARN_ABOUT_RETURN_TYPE = YES_ERROR;
				GCC_WARN_UNDECLARED_SELECTOR = YES;
				GCC_WARN_UNINITIALIZED_AUTOS = YES_AGGRESSIVE;
				GCC_WARN_UNUSED_FUNCTION = YES;
				GCC_WARN_UNUSED_VARIABLE = YES;
				IPHONEOS_DEPLOYMENT_TARGET = 10.3;
				MTL_ENABLE_DEBUG_INFO = NO;
				SDKROOT = iphoneos;
				SWIFT_OPTIMIZATION_LEVEL = "-Owholemodule";
				TARGETED_DEVICE_FAMILY = "1,2";
				VALIDATE_PRODUCT = YES;
			};
			name = Release;
		};
		FC1417751F18290500547C19 /* Debug */ = {
			isa = XCBuildConfiguration;
			buildSettings = {
				ASSETCATALOG_COMPILER_APPICON_NAME = AppIcon;
				DEVELOPMENT_TEAM = T6X32UM5U3;
				INFOPLIST_FILE = geojsonTest1/Info.plist;
				LD_RUNPATH_SEARCH_PATHS = "$(inherited) @executable_path/Frameworks";
				PRODUCT_BUNDLE_IDENTIFIER = com.stonetip.geojsonTest1;
				PRODUCT_NAME = "$(TARGET_NAME)";
				SWIFT_VERSION = 3.0;
			};
			name = Debug;
		};
		FC1417761F18290500547C19 /* Release */ = {
			isa = XCBuildConfiguration;
			buildSettings = {
				ASSETCATALOG_COMPILER_APPICON_NAME = AppIcon;
				DEVELOPMENT_TEAM = T6X32UM5U3;
				INFOPLIST_FILE = geojsonTest1/Info.plist;
				LD_RUNPATH_SEARCH_PATHS = "$(inherited) @executable_path/Frameworks";
				PRODUCT_BUNDLE_IDENTIFIER = com.stonetip.geojsonTest1;
				PRODUCT_NAME = "$(TARGET_NAME)";
				SWIFT_VERSION = 3.0;
			};
			name = Release;
		};
/* End XCBuildConfiguration section */

/* Begin XCConfigurationList section */
		FC14175D1F18290500547C19 /* Build configuration list for PBXProject "geojsonTest1" */ = {
			isa = XCConfigurationList;
			buildConfigurations = (
				FC1417721F18290500547C19 /* Debug */,
				FC1417731F18290500547C19 /* Release */,
			);
			defaultConfigurationIsVisible = 0;
			defaultConfigurationName = Release;
		};
		FC1417741F18290500547C19 /* Build configuration list for PBXNativeTarget "geojsonTest1" */ = {
			isa = XCConfigurationList;
			buildConfigurations = (
				FC1417751F18290500547C19 /* Debug */,
				FC1417761F18290500547C19 /* Release */,
			);
			defaultConfigurationIsVisible = 0;
		};
/* End XCConfigurationList section */
	};
	rootObject = FC14175A1F18290500547C19 /* Project object */;
}
